// !$*UTF8*$!
{
	archiveVersion = 1;
	classes = {
	};
	objectVersion = 77;
	objects = {

/* Begin PBXBuildFile section */
		D25A5E302E03F5FD00D4C4FF /* SolarEngineSDKUnityBridge.mm in Sources */ = {isa = PBXBuildFile; fileRef = D25A5E2F2E03F5FD00D4C4FF /* SolarEngineSDKUnityBridge.mm */; };
		D2FAE4A12E12328000A9E249 /* SESDKRemoteConfigUnityBridge.mm in Sources */ = {isa = PBXBuildFile; fileRef = D2FAE49D2E12328000A9E249 /* SESDKRemoteConfigUnityBridge.mm */; };
		D2FAE4A22E12328000A9E249 /* SEBridgeCommon.m in Sources */ = {isa = PBXBuildFile; fileRef = D2FAE49B2E12328000A9E249 /* SEBridgeCommon.m */; };
/* End PBXBuildFile section */

/* Begin PBXFileReference section */
		D25A5E272E03F59800D4C4FF /* SEUnityBridgeMacOSBundle.bundle */ = {isa = PBXFileReference; explicitFileType = wrapper.cfbundle; includeInIndex = 0; path = SEUnityBridgeMacOSBundle.bundle; sourceTree = BUILT_PRODUCTS_DIR; };
		D25A5E2E2E03F5FD00D4C4FF /* SolarEngineSDKUnityBridge.h */ = {isa = PBXFileReference; lastKnownFileType = sourcecode.c.h; path = SolarEngineSDKUnityBridge.h; sourceTree = "<group>"; };
		D25A5E2F2E03F5FD00D4C4FF /* SolarEngineSDKUnityBridge.mm */ = {isa = PBXFileReference; lastKnownFileType = sourcecode.cpp.objcpp; path = SolarEngineSDKUnityBridge.mm; sourceTree = "<group>"; };
		D2FAE49A2E12328000A9E249 /* SEBridgeCommon.h */ = {isa = PBXFileReference; lastKnownFileType = sourcecode.c.h; path = SEBridgeCommon.h; sourceTree = "<group>"; };
		D2FAE49B2E12328000A9E249 /* SEBridgeCommon.m */ = {isa = PBXFileReference; lastKnownFileType = sourcecode.c.objc; path = SEBridgeCommon.m; sourceTree = "<group>"; };
		D2FAE49C2E12328000A9E249 /* SESDKRemoteConfigUnityBridge.h */ = {isa = PBXFileReference; lastKnownFileType = sourcecode.c.h; path = SESDKRemoteConfigUnityBridge.h; sourceTree = "<group>"; };
		D2FAE49D2E12328000A9E249 /* SESDKRemoteConfigUnityBridge.mm */ = {isa = PBXFileReference; lastKnownFileType = sourcecode.cpp.objcpp; path = SESDKRemoteConfigUnityBridge.mm; sourceTree = "<group>"; };
/* End PBXFileReference section */

/* Begin PBXFrameworksBuildPhase section */
		D25A5E242E03F59800D4C4FF /* Frameworks */ = {
			isa = PBXFrameworksBuildPhase;
			buildActionMask = 2147483647;
			files = (
			);
			runOnlyForDeploymentPostprocessing = 0;
		};
/* End PBXFrameworksBuildPhase section */

/* Begin PBXGroup section */
		D25A5E1E2E03F59800D4C4FF = {
			isa = PBXGroup;
			children = (
				D2FAE49A2E12328000A9E249 /* SEBridgeCommon.h */,
				D2FAE49B2E12328000A9E249 /* SEBridgeCommon.m */,
				D2FAE49C2E12328000A9E249 /* SESDKRemoteConfigUnityBridge.h */,
				D2FAE49D2E12328000A9E249 /* SESDKRemoteConfigUnityBridge.mm */,
				D25A5E2E2E03F5FD00D4C4FF /* SolarEngineSDKUnityBridge.h */,
				D25A5E2F2E03F5FD00D4C4FF /* SolarEngineSDKUnityBridge.mm */,
				D25A5E282E03F59800D4C4FF /* Products */,
			);
			sourceTree = "<group>";
		};
		D25A5E282E03F59800D4C4FF /* Products */ = {
			isa = PBXGroup;
			children = (
				D25A5E272E03F59800D4C4FF /* SEUnityBridgeMacOSBundle.bundle */,
			);
			name = Products;
			sourceTree = "<group>";
		};
/* End PBXGroup section */

/* Begin PBXNativeTarget section */
		D25A5E262E03F59800D4C4FF /* SEUnityBridgeMacOSBundle */ = {
			isa = PBXNativeTarget;
			buildConfigurationList = D25A5E2B2E03F59800D4C4FF /* Build configuration list for PBXNativeTarget "SEUnityBridgeMacOSBundle" */;
			buildPhases = (
				D25A5E232E03F59800D4C4FF /* Sources */,
				D25A5E242E03F59800D4C4FF /* Frameworks */,
				D25A5E252E03F59800D4C4FF /* Resources */,
			);
			buildRules = (
			);
			dependencies = (
			);
			name = SEUnityBridgeMacOSBundle;
			packageProductDependencies = (
			);
			productName = SEUnityBridgeMacOSBundle;
			productReference = D25A5E272E03F59800D4C4FF /* SEUnityBridgeMacOSBundle.bundle */;
			productType = "com.apple.product-type.bundle";
		};
/* End PBXNativeTarget section */

/* Begin PBXProject section */
		D25A5E1F2E03F59800D4C4FF /* Project object */ = {
			isa = PBXProject;
			attributes = {
				BuildIndependentTargetsInParallel = 1;
				LastUpgradeCheck = 1610;
				TargetAttributes = {
					D25A5E262E03F59800D4C4FF = {
						CreatedOnToolsVersion = 16.1;
					};
				};
			};
			buildConfigurationList = D25A5E222E03F59800D4C4FF /* Build configuration list for PBXProject "SEUnityBridgeMacOSBundle" */;
			developmentRegion = en;
			hasScannedForEncodings = 0;
			knownRegions = (
				en,
				Base,
			);
			mainGroup = D25A5E1E2E03F59800D4C4FF;
			minimizedProjectReferenceProxies = 1;
			preferredProjectObjectVersion = 77;
			productRefGroup = D25A5E282E03F59800D4C4FF /* Products */;
			projectDirPath = "";
			projectRoot = "";
			targets = (
				D25A5E262E03F59800D4C4FF /* SEUnityBridgeMacOSBundle */,
			);
		};
/* End PBXProject section */

/* Begin PBXResourcesBuildPhase section */
		D25A5E252E03F59800D4C4FF /* Resources */ = {
			isa = PBXResourcesBuildPhase;
			buildActionMask = 2147483647;
			files = (
			);
			runOnlyForDeploymentPostprocessing = 0;
		};
/* End PBXResourcesBuildPhase section */

/* Begin PBXSourcesBuildPhase section */
		D25A5E232E03F59800D4C4FF /* Sources */ = {
			isa = PBXSourcesBuildPhase;
			buildActionMask = 2147483647;
			files = (
				D2FAE4A12E12328000A9E249 /* SESDKRemoteConfigUnityBridge.mm in Sources */,
				D2FAE4A22E12328000A9E249 /* SEBridgeCommon.m in Sources */,
				D25A5E302E03F5FD00D4C4FF /* SolarEngineSDKUnityBridge.mm in Sources */,
			);
			runOnlyForDeploymentPostprocessing = 0;
		};
/* End PBXSourcesBuildPhase section */

/* Begin XCBuildConfiguration section */
		D25A5E292E03F59800D4C4FF /* Debug */ = {
			isa = XCBuildConfiguration;
			buildSettings = {
				ALWAYS_SEARCH_USER_PATHS = NO;
				ASSETCATALOG_COMPILER_GENERATE_SWIFT_ASSET_SYMBOL_EXTENSIONS = YES;
				CLANG_ANALYZER_NONNULL = YES;
				CLANG_ANALYZER_NUMBER_OBJECT_CONVERSION = YES_AGGRESSIVE;
				CLANG_CXX_LANGUAGE_STANDARD = "gnu++20";
				CLANG_ENABLE_MODULES = YES;
				CLANG_ENABLE_OBJC_ARC = YES;
				CLANG_ENABLE_OBJC_WEAK = YES;
				CLANG_WARN_BLOCK_CAPTURE_AUTORELEASING = YES;
				CLANG_WARN_BOOL_CONVERSION = YES;
				CLANG_WARN_COMMA = YES;
				CLANG_WARN_CONSTANT_CONVERSION = YES;
				CLANG_WARN_DEPRECATED_OBJC_IMPLEMENTATIONS = YES;
				CLANG_WARN_DIRECT_OBJC_ISA_USAGE = YES_ERROR;
				CLANG_WARN_DOCUMENTATION_COMMENTS = YES;
				CLANG_WARN_EMPTY_BODY = YES;
				CLANG_WARN_ENUM_CONVERSION = YES;
				CLANG_WARN_INFINITE_RECURSION = YES;
				CLANG_WARN_INT_CONVERSION = YES;
				CLANG_WARN_NON_LITERAL_NULL_CONVERSION = YES;
				CLANG_WARN_OBJC_IMPLICIT_RETAIN_SELF = YES;
				CLANG_WARN_OBJC_LITERAL_CONVERSION = YES;
				CLANG_WARN_OBJC_ROOT_CLASS = YES_ERROR;
				CLANG_WARN_QUOTED_INCLUDE_IN_FRAMEWORK_HEADER = YES;
				CLANG_WARN_RANGE_LOOP_ANALYSIS = YES;
				CLANG_WARN_STRICT_PROTOTYPES = YES;
				CLANG_WARN_SUSPICIOUS_MOVE = YES;
				CLANG_WARN_UNGUARDED_AVAILABILITY = YES_AGGRESSIVE;
				CLANG_WARN_UNREACHABLE_CODE = YES;
				CLANG_WARN__DUPLICATE_METHOD_MATCH = YES;
				COPY_PHASE_STRIP = NO;
				DEBUG_INFORMATION_FORMAT = dwarf;
				ENABLE_STRICT_OBJC_MSGSEND = YES;
				ENABLE_TESTABILITY = YES;
				ENABLE_USER_SCRIPT_SANDBOXING = YES;
				GCC_C_LANGUAGE_STANDARD = gnu17;
				GCC_DYNAMIC_NO_PIC = NO;
				GCC_NO_COMMON_BLOCKS = YES;
				GCC_OPTIMIZATION_LEVEL = 0;
				GCC_PREPROCESSOR_DEFINITIONS = (
					"DEBUG=1",
					"$(inherited)",
				);
				GCC_WARN_64_TO_32_BIT_CONVERSION = YES;
				GCC_WARN_ABOUT_RETURN_TYPE = YES_ERROR;
				GCC_WARN_UNDECLARED_SELECTOR = YES;
				GCC_WARN_UNINITIALIZED_AUTOS = YES_AGGRESSIVE;
				GCC_WARN_UNUSED_FUNCTION = YES;
				GCC_WARN_UNUSED_VARIABLE = YES;
				LOCALIZATION_PREFERS_STRING_CATALOGS = YES;
				MACOSX_DEPLOYMENT_TARGET = 15.0;
				MTL_ENABLE_DEBUG_INFO = INCLUDE_SOURCE;
				MTL_FAST_MATH = YES;
				ONLY_ACTIVE_ARCH = YES;
				SDKROOT = macosx;
			};
			name = Debug;
		};
		D25A5E2A2E03F59800D4C4FF /* Release */ = {
			isa = XCBuildConfiguration;
			buildSettings = {
				ALWAYS_SEARCH_USER_PATHS = NO;
				ASSETCATALOG_COMPILER_GENERATE_SWIFT_ASSET_SYMBOL_EXTENSIONS = YES;
				CLANG_ANALYZER_NONNULL = YES;
				CLANG_ANALYZER_NUMBER_OBJECT_CONVERSION = YES_AGGRESSIVE;
				CLANG_CXX_LANGUAGE_STANDARD = "gnu++20";
				CLANG_ENABLE_MODULES = YES;
				CLANG_ENABLE_OBJC_ARC = YES;
				CLANG_ENABLE_OBJC_WEAK = YES;
				CLANG_WARN_BLOCK_CAPTURE_AUTORELEASING = YES;
				CLANG_WARN_BOOL_CONVERSION = YES;
				CLANG_WARN_COMMA = YES;
				CLANG_WARN_CONSTANT_CONVERSION = YES;
				CLANG_WARN_DEPRECATED_OBJC_IMPLEMENTATIONS = YES;
				CLANG_WARN_DIRECT_OBJC_ISA_USAGE = YES_ERROR;
				CLANG_WARN_DOCUMENTATION_COMMENTS = YES;
				CLANG_WARN_EMPTY_BODY = YES;
				CLANG_WARN_ENUM_CONVERSION = YES;
				CLANG_WARN_INFINITE_RECURSION = YES;
				CLANG_WARN_INT_CONVERSION = YES;
				CLANG_WARN_NON_LITERAL_NULL_CONVERSION = YES;
				CLANG_WARN_OBJC_IMPLICIT_RETAIN_SELF = YES;
				CLANG_WARN_OBJC_LITERAL_CONVERSION = YES;
				CLANG_WARN_OBJC_ROOT_CLASS = YES_ERROR;
				CLANG_WARN_QUOTED_INCLUDE_IN_FRAMEWORK_HEADER = YES;
				CLANG_WARN_RANGE_LOOP_ANALYSIS = YES;
				CLANG_WARN_STRICT_PROTOTYPES = YES;
				CLANG_WARN_SUSPICIOUS_MOVE = YES;
				CLANG_WARN_UNGUARDED_AVAILABILITY = YES_AGGRESSIVE;
				CLANG_WARN_UNREACHABLE_CODE = YES;
				CLANG_WARN__DUPLICATE_METHOD_MATCH = YES;
				COPY_PHASE_STRIP = NO;
				DEBUG_INFORMATION_FORMAT = "dwarf-with-dsym";
				ENABLE_NS_ASSERTIONS = NO;
				ENABLE_STRICT_OBJC_MSGSEND = YES;
				ENABLE_USER_SCRIPT_SANDBOXING = YES;
				GCC_C_LANGUAGE_STANDARD = gnu17;
				GCC_NO_COMMON_BLOCKS = YES;
				GCC_WARN_64_TO_32_BIT_CONVERSION = YES;
				GCC_WARN_ABOUT_RETURN_TYPE = YES_ERROR;
				GCC_WARN_UNDECLARED_SELECTOR = YES;
				GCC_WARN_UNINITIALIZED_AUTOS = YES_AGGRESSIVE;
				GCC_WARN_UNUSED_FUNCTION = YES;
				GCC_WARN_UNUSED_VARIABLE = YES;
				LOCALIZATION_PREFERS_STRING_CATALOGS = YES;
				MACOSX_DEPLOYMENT_TARGET = 15.0;
				MTL_ENABLE_DEBUG_INFO = NO;
				MTL_FAST_MATH = YES;
				SDKROOT = macosx;
			};
			name = Release;
		};
		D25A5E2C2E03F59800D4C4FF /* Debug */ = {
			isa = XCBuildConfiguration;
			buildSettings = {
				CODE_SIGN_STYLE = Automatic;
				COMBINE_HIDPI_IMAGES = YES;
				CURRENT_PROJECT_VERSION = 1;
				GENERATE_INFOPLIST_FILE = YES;
				INFOPLIST_KEY_NSHumanReadableCopyright = "";
				INFOPLIST_KEY_NSPrincipalClass = "";
				INSTALL_PATH = "$(LOCAL_LIBRARY_DIR)/Bundles";
				MARKETING_VERSION = 1.0;
				PRODUCT_BUNDLE_IDENTIFIER = com.solarenginemacos.bundle.SEUnityBridgeMacOSBundle;
				PRODUCT_NAME = "$(TARGET_NAME)";
				SKIP_INSTALL = YES;
				SWIFT_EMIT_LOC_STRINGS = YES;
				WRAPPER_EXTENSION = bundle;
			};
			name = Debug;
		};
		D25A5E2D2E03F59800D4C4FF /* Release */ = {
			isa = XCBuildConfiguration;
			buildSettings = {
				CODE_SIGN_STYLE = Automatic;
				COMBINE_HIDPI_IMAGES = YES;
				CURRENT_PROJECT_VERSION = 1;
				GENERATE_INFOPLIST_FILE = YES;
				INFOPLIST_KEY_NSHumanReadableCopyright = "";
				INFOPLIST_KEY_NSPrincipalClass = "";
				INSTALL_PATH = "$(LOCAL_LIBRARY_DIR)/Bundles";
				MARKETING_VERSION = 1.0;
				PRODUCT_BUNDLE_IDENTIFIER = com.solarenginemacos.bundle.SEUnityBridgeMacOSBundle;
				PRODUCT_NAME = "$(TARGET_NAME)";
				SKIP_INSTALL = YES;
				SWIFT_EMIT_LOC_STRINGS = YES;
				WRAPPER_EXTENSION = bundle;
			};
			name = Release;
		};
/* End XCBuildConfiguration section */

/* Begin XCConfigurationList section */
		D25A5E222E03F59800D4C4FF /* Build configuration list for PBXProject "SEUnityBridgeMacOSBundle" */ = {
			isa = XCConfigurationList;
			buildConfigurations = (
				D25A5E292E03F59800D4C4FF /* Debug */,
				D25A5E2A2E03F59800D4C4FF /* Release */,
			);
			defaultConfigurationIsVisible = 0;
			defaultConfigurationName = Release;
		};
		D25A5E2B2E03F59800D4C4FF /* Build configuration list for PBXNativeTarget "SEUnityBridgeMacOSBundle" */ = {
			isa = XCConfigurationList;
			buildConfigurations = (
				D25A5E2C2E03F59800D4C4FF /* Debug */,
				D25A5E2D2E03F59800D4C4FF /* Release */,
			);
			defaultConfigurationIsVisible = 0;
			defaultConfigurationName = Release;
		};
/* End XCConfigurationList section */
	};
	rootObject = D25A5E1F2E03F59800D4C4FF /* Project object */;
}
